
Microsoft Visual Studio Solution File, Format Version 12.00
# Visual Studio 15
VisualStudioVersion = 15.0.33801.198
MinimumVisualStudioVersion = 10.0.40219.1
Project("{FAE04EC0-301F-11D3-BF4B-00C04F79EFBC}") = "MasterPageChartPract", "MasterPageChartPract\MasterPageChartPract.csproj", "{4303BD93-E894-4306-9C9D-C125971CE074}"
EndProject
Global
	GlobalSection(SolutionConfigurationPlatforms) = preSolution
		Debug|Any CPU = Debug|Any CPU
		Release|Any CPU = Release|Any CPU
	EndGlobalSection
	GlobalSection(ProjectConfigurationPlatforms) = postSolution
		{4303BD93-E894-4306-9C9D-C125971CE074}.Debug|Any CPU.ActiveCfg = Debug|Any CPU
		{4303BD93-E894-4306-9C9D-C125971CE074}.Debug|Any CPU.Build.0 = Debug|Any CPU
		{4303BD93-E894-4306-9C9D-C125971CE074}.Release|Any CPU.ActiveCfg = Release|Any CPU
		{4303BD93-E894-4306-9C9D-C125971CE074}.Release|Any CPU.Build.0 = Release|Any CPU
	EndGlobalSection
	GlobalSection(SolutionProperties) = preSolution
		HideSolutionNode = FALSE
	EndGlobalSection
	GlobalSection(ExtensibilityGlobals) = postSolution
		SolutionGuid = {57F67BCD-DF38-414A-93A9-224F4CFF802C}
	EndGlobalSection
EndGlobal
